
Microsoft Visual Studio Solution File, Format Version 12.00
# Visual Studio Version 16
VisualStudioVersion = 16.0.28803.156
MinimumVisualStudioVersion = 10.0.40219.1
Project("{9A19103F-16F7-4668-BE54-9A1E7A4F7556}") = "Functional.Primitives", "Functional.Primitives\Functional.Primitives.csproj", "{77BA7FE8-AF44-47B0-BE4A-39787D45B04E}"
EndProject
Project("{9A19103F-16F7-4668-BE54-9A1E7A4F7556}") = "Functional.Primitives.Extensions", "Functional.Primitives.Extensions\Functional.Primitives.Extensions.csproj", "{3292A1A9-A8ED-47D9-888F-F63957229AA4}"
EndProject
Project("{9A19103F-16F7-4668-BE54-9A1E7A4F7556}") = "Functional.Unions", "Functional.Unions\Functional.Unions.csproj", "{E10D8262-25B2-4066-AA1C-DA0A5AF5F185}"
EndProject
Project("{9A19103F-16F7-4668-BE54-9A1E7A4F7556}") = "Functional.Unions.Extensions", "Functional.Unions.Extensions\Functional.Unions.Extensions.csproj", "{CF3D3712-7380-4F0A-9B3E-F4766B934851}"
EndProject
Project("{9A19103F-16F7-4668-BE54-9A1E7A4F7556}") = "Functional.Enumerables.Extensions", "Functional.Enumerables.Extensions\Functional.Enumerables.Extensions.csproj", "{C7D27C23-70A1-4139-986C-F10B18E0062C}"
EndProject
Project("{9A19103F-16F7-4668-BE54-9A1E7A4F7556}") = "Functional.All", "Functional.All\Functional.All.csproj", "{7B36F9D0-B835-4519-8AE8-9E2BF95CF3A3}"
EndProject
Project("{9A19103F-16F7-4668-BE54-9A1E7A4F7556}") = "Functional.Common.Extensions", "Functional.Common.Extensions\Functional.Common.Extensions.csproj", "{D928B74D-5CED-4C86-96D3-88928BB9928C}"
EndProject
Project("{9A19103F-16F7-4668-BE54-9A1E7A4F7556}") = "Functional.Tests", "Functional.Tests\Functional.Tests.csproj", "{01DF0B82-75DC-420D-A2A5-31025C930237}"
EndProject
Project("{9A19103F-16F7-4668-BE54-9A1E7A4F7556}") = "Functional.AsyncEnumerables", "Functional.AsyncEnumerables\Functional.AsyncEnumerables.csproj", "{F3FFBCD4-11BB-412C-BAEB-256118C2560F}"
EndProject
Project("{9A19103F-16F7-4668-BE54-9A1E7A4F7556}") = "Functional.Primitives.AsyncEnumerables", "Functional.Primitives.AsyncEnumerables\Functional.Primitives.AsyncEnumerables.csproj", "{5F598749-794A-4078-9591-B09BA20E8C81}"
EndProject
Project("{9A19103F-16F7-4668-BE54-9A1E7A4F7556}") = "Functional.Unions.AsyncEnumerables", "Functional.Unions.AsyncEnumerables\Functional.Unions.AsyncEnumerables.csproj", "{2BC81670-210C-4702-8606-6B9A73459FE6}"
EndProject
Project("{2150E333-8FDC-42A3-9474-1A3956D46DE8}") = "Solution Items", "Solution Items", "{5070C042-BF0A-4756-9157-7B149AE6418F}"
	ProjectSection(SolutionItems) = preProject
		.editorconfig = .editorconfig
	EndProjectSection
EndProject
Project("{D954291E-2A0B-460D-934E-DC6B0785DB48}") = "Functional.Shared", "Functional.Shared\Functional.Shared.shproj", "{42507D50-903C-45C2-8EF5-530F4A6AD8D8}"
EndProject
Global
	GlobalSection(SharedMSBuildProjectFiles) = preSolution
		Functional.Shared\Functional.Shared.projitems*{42507d50-903c-45c2-8ef5-530f4a6ad8d8}*SharedItemsImports = 13
	EndGlobalSection
	GlobalSection(SolutionConfigurationPlatforms) = preSolution
		Debug|Any CPU = Debug|Any CPU
		Release|Any CPU = Release|Any CPU
	EndGlobalSection
	GlobalSection(ProjectConfigurationPlatforms) = postSolution
		{77BA7FE8-AF44-47B0-BE4A-39787D45B04E}.Debug|Any CPU.ActiveCfg = Debug|Any CPU
		{77BA7FE8-AF44-47B0-BE4A-39787D45B04E}.Debug|Any CPU.Build.0 = Debug|Any CPU
		{77BA7FE8-AF44-47B0-BE4A-39787D45B04E}.Release|Any CPU.ActiveCfg = Release|Any CPU
		{77BA7FE8-AF44-47B0-BE4A-39787D45B04E}.Release|Any CPU.Build.0 = Release|Any CPU
		{3292A1A9-A8ED-47D9-888F-F63957229AA4}.Debug|Any CPU.ActiveCfg = Debug|Any CPU
		{3292A1A9-A8ED-47D9-888F-F63957229AA4}.Debug|Any CPU.Build.0 = Debug|Any CPU
		{3292A1A9-A8ED-47D9-888F-F63957229AA4}.Release|Any CPU.ActiveCfg = Release|Any CPU
		{3292A1A9-A8ED-47D9-888F-F63957229AA4}.Release|Any CPU.Build.0 = Release|Any CPU
		{E10D8262-25B2-4066-AA1C-DA0A5AF5F185}.Debug|Any CPU.ActiveCfg = Debug|Any CPU
		{E10D8262-25B2-4066-AA1C-DA0A5AF5F185}.Debug|Any CPU.Build.0 = Debug|Any CPU
		{E10D8262-25B2-4066-AA1C-DA0A5AF5F185}.Release|Any CPU.ActiveCfg = Release|Any CPU
		{E10D8262-25B2-4066-AA1C-DA0A5AF5F185}.Release|Any CPU.Build.0 = Release|Any CPU
		{CF3D3712-7380-4F0A-9B3E-F4766B934851}.Debug|Any CPU.ActiveCfg = Debug|Any CPU
		{CF3D3712-7380-4F0A-9B3E-F4766B934851}.Debug|Any CPU.Build.0 = Debug|Any CPU
		{CF3D3712-7380-4F0A-9B3E-F4766B934851}.Release|Any CPU.ActiveCfg = Release|Any CPU
		{CF3D3712-7380-4F0A-9B3E-F4766B934851}.Release|Any CPU.Build.0 = Release|Any CPU
		{C7D27C23-70A1-4139-986C-F10B18E0062C}.Debug|Any CPU.ActiveCfg = Debug|Any CPU
		{C7D27C23-70A1-4139-986C-F10B18E0062C}.Debug|Any CPU.Build.0 = Debug|Any CPU
		{C7D27C23-70A1-4139-986C-F10B18E0062C}.Release|Any CPU.ActiveCfg = Release|Any CPU
		{C7D27C23-70A1-4139-986C-F10B18E0062C}.Release|Any CPU.Build.0 = Release|Any CPU
		{7B36F9D0-B835-4519-8AE8-9E2BF95CF3A3}.Debug|Any CPU.ActiveCfg = Debug|Any CPU
		{7B36F9D0-B835-4519-8AE8-9E2BF95CF3A3}.Debug|Any CPU.Build.0 = Debug|Any CPU
		{7B36F9D0-B835-4519-8AE8-9E2BF95CF3A3}.Release|Any CPU.ActiveCfg = Release|Any CPU
		{7B36F9D0-B835-4519-8AE8-9E2BF95CF3A3}.Release|Any CPU.Build.0 = Release|Any CPU
		{D928B74D-5CED-4C86-96D3-88928BB9928C}.Debug|Any CPU.ActiveCfg = Debug|Any CPU
		{D928B74D-5CED-4C86-96D3-88928BB9928C}.Debug|Any CPU.Build.0 = Debug|Any CPU
		{D928B74D-5CED-4C86-96D3-88928BB9928C}.Release|Any CPU.ActiveCfg = Release|Any CPU
		{D928B74D-5CED-4C86-96D3-88928BB9928C}.Release|Any CPU.Build.0 = Release|Any CPU
		{01DF0B82-75DC-420D-A2A5-31025C930237}.Debug|Any CPU.ActiveCfg = Debug|Any CPU
		{01DF0B82-75DC-420D-A2A5-31025C930237}.Debug|Any CPU.Build.0 = Debug|Any CPU
		{01DF0B82-75DC-420D-A2A5-31025C930237}.Release|Any CPU.ActiveCfg = Release|Any CPU
		{01DF0B82-75DC-420D-A2A5-31025C930237}.Release|Any CPU.Build.0 = Release|Any CPU
		{F3FFBCD4-11BB-412C-BAEB-256118C2560F}.Debug|Any CPU.ActiveCfg = Debug|Any CPU
		{F3FFBCD4-11BB-412C-BAEB-256118C2560F}.Debug|Any CPU.Build.0 = Debug|Any CPU
		{F3FFBCD4-11BB-412C-BAEB-256118C2560F}.Release|Any CPU.ActiveCfg = Release|Any CPU
		{F3FFBCD4-11BB-412C-BAEB-256118C2560F}.Release|Any CPU.Build.0 = Release|Any CPU
		{5F598749-794A-4078-9591-B09BA20E8C81}.Debug|Any CPU.ActiveCfg = Debug|Any CPU
		{5F598749-794A-4078-9591-B09BA20E8C81}.Debug|Any CPU.Build.0 = Debug|Any CPU
		{5F598749-794A-4078-9591-B09BA20E8C81}.Release|Any CPU.ActiveCfg = Release|Any CPU
		{5F598749-794A-4078-9591-B09BA20E8C81}.Release|Any CPU.Build.0 = Release|Any CPU
		{2BC81670-210C-4702-8606-6B9A73459FE6}.Debug|Any CPU.ActiveCfg = Debug|Any CPU
		{2BC81670-210C-4702-8606-6B9A73459FE6}.Debug|Any CPU.Build.0 = Debug|Any CPU
		{2BC81670-210C-4702-8606-6B9A73459FE6}.Release|Any CPU.ActiveCfg = Release|Any CPU
		{2BC81670-210C-4702-8606-6B9A73459FE6}.Release|Any CPU.Build.0 = Release|Any CPU
	EndGlobalSection
	GlobalSection(SolutionProperties) = preSolution
		HideSolutionNode = FALSE
	EndGlobalSection
	GlobalSection(ExtensibilityGlobals) = postSolution
		SolutionGuid = {9C3F6C95-8EAE-48A4-BE86-AA287AC6C322}
	EndGlobalSection
EndGlobal
